
Microsoft Visual Studio Solution File, Format Version 12.00
Project("{2150E333-8FDC-42A3-9474-1A3956D46DE8}") = "solution-items", "solution-items", "{8D8D4C51-A3DD-4DCE-BB53-B435C6120FCD}"
	ProjectSection(SolutionItems) = preProject
		.editorconfig = .editorconfig
		.gitattributes = .gitattributes
		.gitignore = .gitignore
		.gitleaks.toml = .gitleaks.toml
		Directory.Build.props = Directory.Build.props
		Directory.Packages.props = Directory.Packages.props
		global.json = global.json
		README.md = README.md
	EndProjectSection
EndProject
Project("{2150E333-8FDC-42A3-9474-1A3956D46DE8}") = "src", "src", "{D5DB5707-6BAC-4C46-A9AD-69F7890F4BEE}"
EndProject
Project("{2150E333-8FDC-42A3-9474-1A3956D46DE8}") = "test", "test", "{A6F668F6-2DD0-43D1-A450-789B53385AA0}"
EndProject
Project("{2150E333-8FDC-42A3-9474-1A3956D46DE8}") = "Aspire", "Aspire", "{289615CC-21B1-42FD-8B13-87497E2D5566}"
EndProject
Project("{2150E333-8FDC-42A3-9474-1A3956D46DE8}") = "Gateways", "Gateways", "{057B372F-844E-495F-BE4D-06081C39B6C6}"
EndProject
Project("{2150E333-8FDC-42A3-9474-1A3956D46DE8}") = "BuildingBlocks", "BuildingBlocks", "{7BE70497-7CE5-42C3-9E47-C61C9752E2CB}"
EndProject
Project("{2150E333-8FDC-42A3-9474-1A3956D46DE8}") = "Services", "Services", "{2D134FE0-6833-4A8E-BB01-58DF97CD7519}"
EndProject
Project("{FAE04EC0-301F-11D3-BF4B-00C04F79EFBC}") = "Open.AppHost", "src\Aspire\Open.AppHost\Open.AppHost.csproj", "{C5383723-396D-4EB4-B273-3426815417FC}"
EndProject
Project("{FAE04EC0-301F-11D3-BF4B-00C04F79EFBC}") = "Open.ServiceDefaults", "src\Aspire\Open.ServiceDefaults\Open.ServiceDefaults.csproj", "{BAA3E109-BF1B-4985-B303-5913F8053D2C}"
EndProject
Project("{FAE04EC0-301F-11D3-BF4B-00C04F79EFBC}") = "Open.SharedKernel", "src\BuildingBlocks\Open.SharedKernel\Open.SharedKernel.csproj", "{C10138F5-480C-4FB2-9D22-6710AD04B0C0}"
EndProject
Project("{FAE04EC0-301F-11D3-BF4B-00C04F79EFBC}") = "Open.Gateway", "src\Gateways\Open.Gateway\Open.Gateway.csproj", "{0DB6179F-D229-4D7F-A80C-23207FAE8B92}"
EndProject
Project("{2150E333-8FDC-42A3-9474-1A3956D46DE8}") = "Open", "Open", "{46D9B83B-7553-4E16-8D25-976B318FE7D3}"
EndProject
Project("{FAE04EC0-301F-11D3-BF4B-00C04F79EFBC}") = "Open.HttpApi", "src\Services\Open\Open.HttpApi\Open.HttpApi.csproj", "{C73E4F0D-F809-4BB5-A094-D33F429CBB2D}"
EndProject
Project("{FAE04EC0-301F-11D3-BF4B-00C04F79EFBC}") = "Open.Infrastructure", "src\Services\Open\Open.Infrastructure\Open.Infrastructure.csproj", "{25493E6C-036F-473D-AA3F-243B77855E8F}"
EndProject
Project("{FAE04EC0-301F-11D3-BF4B-00C04F79EFBC}") = "Open.Application", "src\Services\Open\Open.Application\Open.Application.csproj", "{9AE03D05-A964-4F02-9DC5-326DE264823C}"
EndProject
Project("{FAE04EC0-301F-11D3-BF4B-00C04F79EFBC}") = "Open.Domain", "src\Services\Open\Open.Domain\Open.Domain.csproj", "{AB1BFA01-F8BB-4708-A028-2106C5D63482}"
EndProject
Project("{FAE04EC0-301F-11D3-BF4B-00C04F79EFBC}") = "Open.Domain.Shared", "src\Services\Open\Open.Domain.Shared\Open.Domain.Shared.csproj", "{889FBED0-51BF-487B-9AD4-717A3BDB7A94}"
EndProject
Project("{2150E333-8FDC-42A3-9474-1A3956D46DE8}") = "Notification", "Notification", "{E0DFF3E6-ABC5-4857-8887-873726D11248}"
EndProject
Project("{FAE04EC0-301F-11D3-BF4B-00C04F79EFBC}") = "Open.Notification.Domain", "src\Services\Notification\Open.Notification.Domain\Open.Notification.Domain.csproj", "{2E798AE8-C93A-4C9C-8BF1-FC86339510EA}"
EndProject
Project("{FAE04EC0-301F-11D3-BF4B-00C04F79EFBC}") = "Open.Notification.Application", "src\Services\Notification\Open.Notification.Application\Open.Notification.Application.csproj", "{CD952889-BEB2-44A7-A0E3-6FF3DAD73413}"
EndProject
Project("{FAE04EC0-301F-11D3-BF4B-00C04F79EFBC}") = "Open.Notification.Infrastructure", "src\Services\Notification\Open.Notification.Infrastructure\Open.Notification.Infrastructure.csproj", "{04404E4C-BB47-4665-9A02-688A5A85A120}"
EndProject
Project("{FAE04EC0-301F-11D3-BF4B-00C04F79EFBC}") = "Open.Notification.EntityFrameworkCore", "src\Services\Notification\Open.Notification.EntityFrameworkCore\Open.Notification.EntityFrameworkCore.csproj", "{7A6EE5A7-6BD8-455B-A6F5-4D7736131367}"
EndProject
Project("{FAE04EC0-301F-11D3-BF4B-00C04F79EFBC}") = "Open.Notification.HttpApi", "src\Services\Notification\Open.Notification.HttpApi\Open.Notification.HttpApi.csproj", "{2BF602DB-12D2-454D-A413-56F5582288EA}"
EndProject
Project("{FAE04EC0-301F-11D3-BF4B-00C04F79EFBC}") = "Open.Notification.Worker", "src\Services\Notification\Open.Notification.Worker\Open.Notification.Worker.csproj", "{6B88A5C2-B52D-411D-A9B1-D032F7FB6E89}"
EndProject
Global
	GlobalSection(SolutionConfigurationPlatforms) = preSolution
		Debug|Any CPU = Debug|Any CPU
		Release|Any CPU = Release|Any CPU
	EndGlobalSection
	GlobalSection(NestedProjects) = preSolution
		{289615CC-21B1-42FD-8B13-87497E2D5566} = {D5DB5707-6BAC-4C46-A9AD-69F7890F4BEE}
		{057B372F-844E-495F-BE4D-06081C39B6C6} = {D5DB5707-6BAC-4C46-A9AD-69F7890F4BEE}
		{7BE70497-7CE5-42C3-9E47-C61C9752E2CB} = {D5DB5707-6BAC-4C46-A9AD-69F7890F4BEE}
		{2D134FE0-6833-4A8E-BB01-58DF97CD7519} = {D5DB5707-6BAC-4C46-A9AD-69F7890F4BEE}
		{C5383723-396D-4EB4-B273-3426815417FC} = {289615CC-21B1-42FD-8B13-87497E2D5566}
		{BAA3E109-BF1B-4985-B303-5913F8053D2C} = {289615CC-21B1-42FD-8B13-87497E2D5566}
		{C10138F5-480C-4FB2-9D22-6710AD04B0C0} = {7BE70497-7CE5-42C3-9E47-C61C9752E2CB}
		{0DB6179F-D229-4D7F-A80C-23207FAE8B92} = {057B372F-844E-495F-BE4D-06081C39B6C6}
		{46D9B83B-7553-4E16-8D25-976B318FE7D3} = {2D134FE0-6833-4A8E-BB01-58DF97CD7519}
		{C73E4F0D-F809-4BB5-A094-D33F429CBB2D} = {46D9B83B-7553-4E16-8D25-976B318FE7D3}
		{25493E6C-036F-473D-AA3F-243B77855E8F} = {46D9B83B-7553-4E16-8D25-976B318FE7D3}
		{9AE03D05-A964-4F02-9DC5-326DE264823C} = {46D9B83B-7553-4E16-8D25-976B318FE7D3}
		{AB1BFA01-F8BB-4708-A028-2106C5D63482} = {46D9B83B-7553-4E16-8D25-976B318FE7D3}
		{889FBED0-51BF-487B-9AD4-717A3BDB7A94} = {46D9B83B-7553-4E16-8D25-976B318FE7D3}
		{E0DFF3E6-ABC5-4857-8887-873726D11248} = {2D134FE0-6833-4A8E-BB01-58DF97CD7519}
		{2E798AE8-C93A-4C9C-8BF1-FC86339510EA} = {E0DFF3E6-ABC5-4857-8887-873726D11248}
		{CD952889-BEB2-44A7-A0E3-6FF3DAD73413} = {E0DFF3E6-ABC5-4857-8887-873726D11248}
		{04404E4C-BB47-4665-9A02-688A5A85A120} = {E0DFF3E6-ABC5-4857-8887-873726D11248}
		{7A6EE5A7-6BD8-455B-A6F5-4D7736131367} = {E0DFF3E6-ABC5-4857-8887-873726D11248}
		{2BF602DB-12D2-454D-A413-56F5582288EA} = {E0DFF3E6-ABC5-4857-8887-873726D11248}
		{6B88A5C2-B52D-411D-A9B1-D032F7FB6E89} = {E0DFF3E6-ABC5-4857-8887-873726D11248}
	EndGlobalSection
	GlobalSection(ProjectConfigurationPlatforms) = postSolution
		{C5383723-396D-4EB4-B273-3426815417FC}.Debug|Any CPU.ActiveCfg = Debug|Any CPU
		{C5383723-396D-4EB4-B273-3426815417FC}.Debug|Any CPU.Build.0 = Debug|Any CPU
		{C5383723-396D-4EB4-B273-3426815417FC}.Release|Any CPU.ActiveCfg = Release|Any CPU
		{C5383723-396D-4EB4-B273-3426815417FC}.Release|Any CPU.Build.0 = Release|Any CPU
		{BAA3E109-BF1B-4985-B303-5913F8053D2C}.Debug|Any CPU.ActiveCfg = Debug|Any CPU
		{BAA3E109-BF1B-4985-B303-5913F8053D2C}.Debug|Any CPU.Build.0 = Debug|Any CPU
		{BAA3E109-BF1B-4985-B303-5913F8053D2C}.Release|Any CPU.ActiveCfg = Release|Any CPU
		{BAA3E109-BF1B-4985-B303-5913F8053D2C}.Release|Any CPU.Build.0 = Release|Any CPU
		{C10138F5-480C-4FB2-9D22-6710AD04B0C0}.Debug|Any CPU.ActiveCfg = Debug|Any CPU
		{C10138F5-480C-4FB2-9D22-6710AD04B0C0}.Debug|Any CPU.Build.0 = Debug|Any CPU
		{C10138F5-480C-4FB2-9D22-6710AD04B0C0}.Release|Any CPU.ActiveCfg = Release|Any CPU
		{C10138F5-480C-4FB2-9D22-6710AD04B0C0}.Release|Any CPU.Build.0 = Release|Any CPU
		{0DB6179F-D229-4D7F-A80C-23207FAE8B92}.Debug|Any CPU.ActiveCfg = Debug|Any CPU
		{0DB6179F-D229-4D7F-A80C-23207FAE8B92}.Debug|Any CPU.Build.0 = Debug|Any CPU
		{0DB6179F-D229-4D7F-A80C-23207FAE8B92}.Release|Any CPU.ActiveCfg = Release|Any CPU
		{0DB6179F-D229-4D7F-A80C-23207FAE8B92}.Release|Any CPU.Build.0 = Release|Any CPU
		{C73E4F0D-F809-4BB5-A094-D33F429CBB2D}.Debug|Any CPU.ActiveCfg = Debug|Any CPU
		{C73E4F0D-F809-4BB5-A094-D33F429CBB2D}.Debug|Any CPU.Build.0 = Debug|Any CPU
		{C73E4F0D-F809-4BB5-A094-D33F429CBB2D}.Release|Any CPU.ActiveCfg = Release|Any CPU
		{C73E4F0D-F809-4BB5-A094-D33F429CBB2D}.Release|Any CPU.Build.0 = Release|Any CPU
		{25493E6C-036F-473D-AA3F-243B77855E8F}.Debug|Any CPU.ActiveCfg = Debug|Any CPU
		{25493E6C-036F-473D-AA3F-243B77855E8F}.Debug|Any CPU.Build.0 = Debug|Any CPU
		{25493E6C-036F-473D-AA3F-243B77855E8F}.Release|Any CPU.ActiveCfg = Release|Any CPU
		{25493E6C-036F-473D-AA3F-243B77855E8F}.Release|Any CPU.Build.0 = Release|Any CPU
		{9AE03D05-A964-4F02-9DC5-326DE264823C}.Debug|Any CPU.ActiveCfg = Debug|Any CPU
		{9AE03D05-A964-4F02-9DC5-326DE264823C}.Debug|Any CPU.Build.0 = Debug|Any CPU
		{9AE03D05-A964-4F02-9DC5-326DE264823C}.Release|Any CPU.ActiveCfg = Release|Any CPU
		{9AE03D05-A964-4F02-9DC5-326DE264823C}.Release|Any CPU.Build.0 = Release|Any CPU
		{AB1BFA01-F8BB-4708-A028-2106C5D63482}.Debug|Any CPU.ActiveCfg = Debug|Any CPU
		{AB1BFA01-F8BB-4708-A028-2106C5D63482}.Debug|Any CPU.Build.0 = Debug|Any CPU
		{AB1BFA01-F8BB-4708-A028-2106C5D63482}.Release|Any CPU.ActiveCfg = Release|Any CPU
		{AB1BFA01-F8BB-4708-A028-2106C5D63482}.Release|Any CPU.Build.0 = Release|Any CPU
		{889FBED0-51BF-487B-9AD4-717A3BDB7A94}.Debug|Any CPU.ActiveCfg = Debug|Any CPU
		{889FBED0-51BF-487B-9AD4-717A3BDB7A94}.Debug|Any CPU.Build.0 = Debug|Any CPU
		{889FBED0-51BF-487B-9AD4-717A3BDB7A94}.Release|Any CPU.ActiveCfg = Release|Any CPU
		{889FBED0-51BF-487B-9AD4-717A3BDB7A94}.Release|Any CPU.Build.0 = Release|Any CPU
		{2E798AE8-C93A-4C9C-8BF1-FC86339510EA}.Debug|Any CPU.ActiveCfg = Debug|Any CPU
		{2E798AE8-C93A-4C9C-8BF1-FC86339510EA}.Debug|Any CPU.Build.0 = Debug|Any CPU
		{2E798AE8-C93A-4C9C-8BF1-FC86339510EA}.Release|Any CPU.ActiveCfg = Release|Any CPU
		{2E798AE8-C93A-4C9C-8BF1-FC86339510EA}.Release|Any CPU.Build.0 = Release|Any CPU
		{CD952889-BEB2-44A7-A0E3-6FF3DAD73413}.Debug|Any CPU.ActiveCfg = Debug|Any CPU
		{CD952889-BEB2-44A7-A0E3-6FF3DAD73413}.Debug|Any CPU.Build.0 = Debug|Any CPU
		{CD952889-BEB2-44A7-A0E3-6FF3DAD73413}.Release|Any CPU.ActiveCfg = Release|Any CPU
		{CD952889-BEB2-44A7-A0E3-6FF3DAD73413}.Release|Any CPU.Build.0 = Release|Any CPU
		{04404E4C-BB47-4665-9A02-688A5A85A120}.Debug|Any CPU.ActiveCfg = Debug|Any CPU
		{04404E4C-BB47-4665-9A02-688A5A85A120}.Debug|Any CPU.Build.0 = Debug|Any CPU
		{04404E4C-BB47-4665-9A02-688A5A85A120}.Release|Any CPU.ActiveCfg = Release|Any CPU
		{04404E4C-BB47-4665-9A02-688A5A85A120}.Release|Any CPU.Build.0 = Release|Any CPU
		{7A6EE5A7-6BD8-455B-A6F5-4D7736131367}.Debug|Any CPU.ActiveCfg = Debug|Any CPU
		{7A6EE5A7-6BD8-455B-A6F5-4D7736131367}.Debug|Any CPU.Build.0 = Debug|Any CPU
		{7A6EE5A7-6BD8-455B-A6F5-4D7736131367}.Release|Any CPU.ActiveCfg = Release|Any CPU
		{7A6EE5A7-6BD8-455B-A6F5-4D7736131367}.Release|Any CPU.Build.0 = Release|Any CPU
		{2BF602DB-12D2-454D-A413-56F5582288EA}.Debug|Any CPU.ActiveCfg = Debug|Any CPU
		{2BF602DB-12D2-454D-A413-56F5582288EA}.Debug|Any CPU.Build.0 = Debug|Any CPU
		{2BF602DB-12D2-454D-A413-56F5582288EA}.Release|Any CPU.ActiveCfg = Release|Any CPU
		{2BF602DB-12D2-454D-A413-56F5582288EA}.Release|Any CPU.Build.0 = Release|Any CPU
		{6B88A5C2-B52D-411D-A9B1-D032F7FB6E89}.Debug|Any CPU.ActiveCfg = Debug|Any CPU
		{6B88A5C2-B52D-411D-A9B1-D032F7FB6E89}.Debug|Any CPU.Build.0 = Debug|Any CPU
		{6B88A5C2-B52D-411D-A9B1-D032F7FB6E89}.Release|Any CPU.ActiveCfg = Release|Any CPU
		{6B88A5C2-B52D-411D-A9B1-D032F7FB6E89}.Release|Any CPU.Build.0 = Release|Any CPU
	EndGlobalSection
EndGlobal
