
Microsoft Visual Studio Solution File, Format Version 12.00
Project("{2150E333-8FDC-42A3-9474-1A3956D46DE8}") = "solution-items", "solution-items", "{8D8D4C51-A3DD-4DCE-BB53-B435C6120FCD}"
	ProjectSection(SolutionItems) = preProject
		.editorconfig = .editorconfig
		.gitattributes = .gitattributes
		.gitignore = .gitignore
		.gitleaks.toml = .gitleaks.toml
		Directory.Build.props = Directory.Build.props
		Directory.Packages.props = Directory.Packages.props
		global.json = global.json
		README.md = README.md
	EndProjectSection
EndProject
Project("{2150E333-8FDC-42A3-9474-1A3956D46DE8}") = "src", "src", "{D5DB5707-6BAC-4C46-A9AD-69F7890F4BEE}"
EndProject
Project("{2150E333-8FDC-42A3-9474-1A3956D46DE8}") = "test", "test", "{A6F668F6-2DD0-43D1-A450-789B53385AA0}"
EndProject
Project("{2150E333-8FDC-42A3-9474-1A3956D46DE8}") = "Aspire", "Aspire", "{289615CC-21B1-42FD-8B13-87497E2D5566}"
EndProject
Project("{2150E333-8FDC-42A3-9474-1A3956D46DE8}") = "Gateways", "Gateways", "{057B372F-844E-495F-BE4D-06081C39B6C6}"
EndProject
Project("{2150E333-8FDC-42A3-9474-1A3956D46DE8}") = "BuildingBlocks", "BuildingBlocks", "{7BE70497-7CE5-42C3-9E47-C61C9752E2CB}"
EndProject
Project("{2150E333-8FDC-42A3-9474-1A3956D46DE8}") = "Services", "Services", "{2D134FE0-6833-4A8E-BB01-58DF97CD7519}"
EndProject
Project("{2150E333-8FDC-42A3-9474-1A3956D46DE8}") = "User", "User", "{312DB5CE-8D6B-40A4-8A3F-9AD461E47A66}"
EndProject
Project("{2150E333-8FDC-42A3-9474-1A3956D46DE8}") = "Identity", "Identity", "{4D357D7E-1863-41D7-BDB6-768C86FEA231}"
EndProject
Project("{2150E333-8FDC-42A3-9474-1A3956D46DE8}") = "Tenant", "Tenant", "{066F7B20-94D0-4608-9477-707FD3D10127}"
EndProject
Project("{2150E333-8FDC-42A3-9474-1A3956D46DE8}") = "Notification", "Notification", "{20E68349-45D7-483B-B862-17C0B600F52A}"
EndProject
Project("{FAE04EC0-301F-11D3-BF4B-00C04F79EFBC}") = "Open.AppHost", "src\Aspire\Open.AppHost\Open.AppHost.csproj", "{C5383723-396D-4EB4-B273-3426815417FC}"
EndProject
Project("{FAE04EC0-301F-11D3-BF4B-00C04F79EFBC}") = "Open.ServiceDefaults", "src\Aspire\Open.ServiceDefaults\Open.ServiceDefaults.csproj", "{BAA3E109-BF1B-4985-B303-5913F8053D2C}"
EndProject
Project("{FAE04EC0-301F-11D3-BF4B-00C04F79EFBC}") = "Open.SharedKernel", "src\BuildingBlocks\Open.SharedKernel\Open.SharedKernel.csproj", "{C10138F5-480C-4FB2-9D22-6710AD04B0C0}"
EndProject
Project("{FAE04EC0-301F-11D3-BF4B-00C04F79EFBC}") = "Open.User.Api", "src\Services\User\Open.User.Api\Open.User.Api.csproj", "{33820750-FE37-4688-A766-7D250B9AD1CC}"
EndProject
Project("{FAE04EC0-301F-11D3-BF4B-00C04F79EFBC}") = "Open.Gateway", "src\Gateways\Open.Gateway\Open.Gateway.csproj", "{0DB6179F-D229-4D7F-A80C-23207FAE8B92}"
EndProject
Project("{2150E333-8FDC-42A3-9474-1A3956D46DE8}") = "FileManagement", "FileManagement", "{30D4AE8D-C8DD-4E58-9145-F74AA5C4A047}"
EndProject
Project("{FAE04EC0-301F-11D3-BF4B-00C04F79EFBC}") = "Open.FileManagement.Api", "src\Services\FileManagement\Open.FileManagement.Api\Open.FileManagement.Api.csproj", "{0F6873C0-F798-490E-BF9D-2042CFCB6F3A}"
EndProject
Project("{FAE04EC0-301F-11D3-BF4B-00C04F79EFBC}") = "Open.FileManagement.Domain", "src\Services\FileManagement\Open.FileManagement.Domain\Open.FileManagement.Domain.csproj", "{E7743B75-3345-472B-8D45-0D597CF027DB}"
EndProject
Project("{FAE04EC0-301F-11D3-BF4B-00C04F79EFBC}") = "Open.FileManagement.Infrastructure", "src\Services\FileManagement\Open.FileManagement.Infrastructure\Open.FileManagement.Infrastructure.csproj", "{47790CC8-AE21-4B67-86C7-999F4E841C32}"
EndProject
Global
	GlobalSection(SolutionConfigurationPlatforms) = preSolution
		Debug|Any CPU = Debug|Any CPU
		Release|Any CPU = Release|Any CPU
	EndGlobalSection
	GlobalSection(NestedProjects) = preSolution
		{289615CC-21B1-42FD-8B13-87497E2D5566} = {D5DB5707-6BAC-4C46-A9AD-69F7890F4BEE}
		{057B372F-844E-495F-BE4D-06081C39B6C6} = {D5DB5707-6BAC-4C46-A9AD-69F7890F4BEE}
		{7BE70497-7CE5-42C3-9E47-C61C9752E2CB} = {D5DB5707-6BAC-4C46-A9AD-69F7890F4BEE}
		{2D134FE0-6833-4A8E-BB01-58DF97CD7519} = {D5DB5707-6BAC-4C46-A9AD-69F7890F4BEE}
		{312DB5CE-8D6B-40A4-8A3F-9AD461E47A66} = {2D134FE0-6833-4A8E-BB01-58DF97CD7519}
		{4D357D7E-1863-41D7-BDB6-768C86FEA231} = {2D134FE0-6833-4A8E-BB01-58DF97CD7519}
		{066F7B20-94D0-4608-9477-707FD3D10127} = {2D134FE0-6833-4A8E-BB01-58DF97CD7519}
		{20E68349-45D7-483B-B862-17C0B600F52A} = {2D134FE0-6833-4A8E-BB01-58DF97CD7519}
		{C5383723-396D-4EB4-B273-3426815417FC} = {289615CC-21B1-42FD-8B13-87497E2D5566}
		{BAA3E109-BF1B-4985-B303-5913F8053D2C} = {289615CC-21B1-42FD-8B13-87497E2D5566}
		{C10138F5-480C-4FB2-9D22-6710AD04B0C0} = {7BE70497-7CE5-42C3-9E47-C61C9752E2CB}
		{33820750-FE37-4688-A766-7D250B9AD1CC} = {312DB5CE-8D6B-40A4-8A3F-9AD461E47A66}
		{0DB6179F-D229-4D7F-A80C-23207FAE8B92} = {057B372F-844E-495F-BE4D-06081C39B6C6}
		{30D4AE8D-C8DD-4E58-9145-F74AA5C4A047} = {2D134FE0-6833-4A8E-BB01-58DF97CD7519}
		{0F6873C0-F798-490E-BF9D-2042CFCB6F3A} = {30D4AE8D-C8DD-4E58-9145-F74AA5C4A047}
		{E7743B75-3345-472B-8D45-0D597CF027DB} = {30D4AE8D-C8DD-4E58-9145-F74AA5C4A047}
		{47790CC8-AE21-4B67-86C7-999F4E841C32} = {30D4AE8D-C8DD-4E58-9145-F74AA5C4A047}
	EndGlobalSection
	GlobalSection(ProjectConfigurationPlatforms) = postSolution
		{C5383723-396D-4EB4-B273-3426815417FC}.Debug|Any CPU.ActiveCfg = Debug|Any CPU
		{C5383723-396D-4EB4-B273-3426815417FC}.Debug|Any CPU.Build.0 = Debug|Any CPU
		{C5383723-396D-4EB4-B273-3426815417FC}.Release|Any CPU.ActiveCfg = Release|Any CPU
		{C5383723-396D-4EB4-B273-3426815417FC}.Release|Any CPU.Build.0 = Release|Any CPU
		{BAA3E109-BF1B-4985-B303-5913F8053D2C}.Debug|Any CPU.ActiveCfg = Debug|Any CPU
		{BAA3E109-BF1B-4985-B303-5913F8053D2C}.Debug|Any CPU.Build.0 = Debug|Any CPU
		{BAA3E109-BF1B-4985-B303-5913F8053D2C}.Release|Any CPU.ActiveCfg = Release|Any CPU
		{BAA3E109-BF1B-4985-B303-5913F8053D2C}.Release|Any CPU.Build.0 = Release|Any CPU
		{C10138F5-480C-4FB2-9D22-6710AD04B0C0}.Debug|Any CPU.ActiveCfg = Debug|Any CPU
		{C10138F5-480C-4FB2-9D22-6710AD04B0C0}.Debug|Any CPU.Build.0 = Debug|Any CPU
		{C10138F5-480C-4FB2-9D22-6710AD04B0C0}.Release|Any CPU.ActiveCfg = Release|Any CPU
		{C10138F5-480C-4FB2-9D22-6710AD04B0C0}.Release|Any CPU.Build.0 = Release|Any CPU
		{33820750-FE37-4688-A766-7D250B9AD1CC}.Debug|Any CPU.ActiveCfg = Debug|Any CPU
		{33820750-FE37-4688-A766-7D250B9AD1CC}.Debug|Any CPU.Build.0 = Debug|Any CPU
		{33820750-FE37-4688-A766-7D250B9AD1CC}.Release|Any CPU.ActiveCfg = Release|Any CPU
		{33820750-FE37-4688-A766-7D250B9AD1CC}.Release|Any CPU.Build.0 = Release|Any CPU
		{0DB6179F-D229-4D7F-A80C-23207FAE8B92}.Debug|Any CPU.ActiveCfg = Debug|Any CPU
		{0DB6179F-D229-4D7F-A80C-23207FAE8B92}.Debug|Any CPU.Build.0 = Debug|Any CPU
		{0DB6179F-D229-4D7F-A80C-23207FAE8B92}.Release|Any CPU.ActiveCfg = Release|Any CPU
		{0DB6179F-D229-4D7F-A80C-23207FAE8B92}.Release|Any CPU.Build.0 = Release|Any CPU
		{0F6873C0-F798-490E-BF9D-2042CFCB6F3A}.Debug|Any CPU.ActiveCfg = Debug|Any CPU
		{0F6873C0-F798-490E-BF9D-2042CFCB6F3A}.Debug|Any CPU.Build.0 = Debug|Any CPU
		{0F6873C0-F798-490E-BF9D-2042CFCB6F3A}.Release|Any CPU.ActiveCfg = Release|Any CPU
		{0F6873C0-F798-490E-BF9D-2042CFCB6F3A}.Release|Any CPU.Build.0 = Release|Any CPU
		{E7743B75-3345-472B-8D45-0D597CF027DB}.Debug|Any CPU.ActiveCfg = Debug|Any CPU
		{E7743B75-3345-472B-8D45-0D597CF027DB}.Debug|Any CPU.Build.0 = Debug|Any CPU
		{E7743B75-3345-472B-8D45-0D597CF027DB}.Release|Any CPU.ActiveCfg = Release|Any CPU
		{E7743B75-3345-472B-8D45-0D597CF027DB}.Release|Any CPU.Build.0 = Release|Any CPU
		{47790CC8-AE21-4B67-86C7-999F4E841C32}.Debug|Any CPU.ActiveCfg = Debug|Any CPU
		{47790CC8-AE21-4B67-86C7-999F4E841C32}.Debug|Any CPU.Build.0 = Debug|Any CPU
		{47790CC8-AE21-4B67-86C7-999F4E841C32}.Release|Any CPU.ActiveCfg = Release|Any CPU
		{47790CC8-AE21-4B67-86C7-999F4E841C32}.Release|Any CPU.Build.0 = Release|Any CPU
	EndGlobalSection
EndGlobal
